
Microsoft Visual Studio Solution File, Format Version 12.00
# Visual Studio Version 16
VisualStudioVersion = 16.0.31624.102
MinimumVisualStudioVersion = 10.0.40219.1
Project("{FAE04EC0-301F-11D3-BF4B-00C04F79EFBC}") = "WebApplication1", "WebApplication1\WebApplication1.csproj", "{C281571B-21D4-488B-996A-6B887AB19312}"
EndProject
Global
	GlobalSection(SolutionConfigurationPlatforms) = preSolution
		Debug|Any CPU = Debug|Any CPU
		Release|Any CPU = Release|Any CPU
	EndGlobalSection
	GlobalSection(ProjectConfigurationPlatforms) = postSolution
		{C281571B-21D4-488B-996A-6B887AB19312}.Debug|Any CPU.ActiveCfg = Debug|Any CPU
		{C281571B-21D4-488B-996A-6B887AB19312}.Debug|Any CPU.Build.0 = Debug|Any CPU
		{C281571B-21D4-488B-996A-6B887AB19312}.Release|Any CPU.ActiveCfg = Release|Any CPU
		{C281571B-21D4-488B-996A-6B887AB19312}.Release|Any CPU.Build.0 = Release|Any CPU
	EndGlobalSection
	GlobalSection(SolutionProperties) = preSolution
		HideSolutionNode = FALSE
	EndGlobalSection
	GlobalSection(ExtensibilityGlobals) = postSolution
		SolutionGuid = {8FCFA1E6-A11D-4A6A-810C-0A9D127E8F50}
	EndGlobalSection
EndGlobal
